
Microsoft Visual Studio Solution File, Format Version 12.00
# Visual Studio 2015
Project("{FAE04EC0-301F-11D3-BF4B-00C04F79EFBC}") = "DoomDial.CSharp", "DoomDial.CSharp.csproj", "{DD815E41-978E-6220-DF47-8C97313C1CFA}"
EndProject
Global
	GlobalSection(SolutionConfigurationPlatforms) = preSolution
		Debug|Any CPU = Debug|Any CPU
		Release|Any CPU = Release|Any CPU
	EndGlobalSection
	GlobalSection(ProjectConfigurationPlatforms) = postSolution
		{DD815E41-978E-6220-DF47-8C97313C1CFA}.Debug|Any CPU.ActiveCfg = Debug|Any CPU
		{DD815E41-978E-6220-DF47-8C97313C1CFA}.Debug|Any CPU.Build.0 = Debug|Any CPU
		{DD815E41-978E-6220-DF47-8C97313C1CFA}.Release|Any CPU.ActiveCfg = Release|Any CPU
		{DD815E41-978E-6220-DF47-8C97313C1CFA}.Release|Any CPU.Build.0 = Release|Any CPU
	EndGlobalSection
	GlobalSection(SolutionProperties) = preSolution
		HideSolutionNode = FALSE
	EndGlobalSection
EndGlobal
